
Microsoft Visual Studio Solution File, Format Version 11.00
# Visual Studio 2010
Project("{FAE04EC0-301F-11D3-BF4B-00C04F79EFBC}") = "PPLTest", "PPLTest\PPLTest.csproj", "{6CF264C2-4FCE-4DF2-A2A3-6A3B438C265B}"
	ProjectSection(ProjectDependencies) = postProject
		{0257B25E-4F7E-4151-938E-24985A07DE75} = {0257B25E-4F7E-4151-938E-24985A07DE75}
	EndProjectSection
EndProject
Project("{FAE04EC0-301F-11D3-BF4B-00C04F79EFBC}") = "PPLTestMonitor", "PPLTestMonitor\PPLTestMonitor.csproj", "{5DD330C1-4CE8-419D-B6CB-F2F410095CD4}"
	ProjectSection(ProjectDependencies) = postProject
		{0257B25E-4F7E-4151-938E-24985A07DE75} = {0257B25E-4F7E-4151-938E-24985A07DE75}
		{6CF264C2-4FCE-4DF2-A2A3-6A3B438C265B} = {6CF264C2-4FCE-4DF2-A2A3-6A3B438C265B}
	EndProjectSection
EndProject
Project("{FAE04EC0-301F-11D3-BF4B-00C04F79EFBC}") = "MySqlOperator", "MySqlOperator\MySqlOperator.csproj", "{0257B25E-4F7E-4151-938E-24985A07DE75}"
EndProject
Global
	GlobalSection(SolutionConfigurationPlatforms) = preSolution
		Debug|Any CPU = Debug|Any CPU
		Release|Any CPU = Release|Any CPU
	EndGlobalSection
	GlobalSection(ProjectConfigurationPlatforms) = postSolution
		{6CF264C2-4FCE-4DF2-A2A3-6A3B438C265B}.Debug|Any CPU.ActiveCfg = Debug|Any CPU
		{6CF264C2-4FCE-4DF2-A2A3-6A3B438C265B}.Debug|Any CPU.Build.0 = Debug|Any CPU
		{6CF264C2-4FCE-4DF2-A2A3-6A3B438C265B}.Release|Any CPU.ActiveCfg = Release|Any CPU
		{6CF264C2-4FCE-4DF2-A2A3-6A3B438C265B}.Release|Any CPU.Build.0 = Release|Any CPU
		{5DD330C1-4CE8-419D-B6CB-F2F410095CD4}.Debug|Any CPU.ActiveCfg = Debug|Any CPU
		{5DD330C1-4CE8-419D-B6CB-F2F410095CD4}.Debug|Any CPU.Build.0 = Debug|Any CPU
		{5DD330C1-4CE8-419D-B6CB-F2F410095CD4}.Release|Any CPU.ActiveCfg = Release|Any CPU
		{5DD330C1-4CE8-419D-B6CB-F2F410095CD4}.Release|Any CPU.Build.0 = Release|Any CPU
		{0257B25E-4F7E-4151-938E-24985A07DE75}.Debug|Any CPU.ActiveCfg = Debug|Any CPU
		{0257B25E-4F7E-4151-938E-24985A07DE75}.Debug|Any CPU.Build.0 = Debug|Any CPU
		{0257B25E-4F7E-4151-938E-24985A07DE75}.Release|Any CPU.ActiveCfg = Release|Any CPU
		{0257B25E-4F7E-4151-938E-24985A07DE75}.Release|Any CPU.Build.0 = Release|Any CPU
	EndGlobalSection
	GlobalSection(SolutionProperties) = preSolution
		HideSolutionNode = FALSE
	EndGlobalSection
EndGlobal
